
Microsoft Visual Studio Solution File, Format Version 12.00
# Visual Studio Version 17
VisualStudioVersion = 17.0.31912.275
MinimumVisualStudioVersion = 10.0.40219.1
Project("{9A19103F-16F7-4668-BE54-9A1E7A4F7556}") = "ConsoleApp1", "ConsoleApp1\ConsoleApp1.csproj", "{FF9F0F28-A336-4698-ABD5-1EF6279D7C84}"
EndProject
Project("{9A19103F-16F7-4668-BE54-9A1E7A4F7556}") = "EF_Activity001", "EF_Activity001\EF_Activity001.csproj", "{0D86AF9B-09C0-4C57-B99C-ADF62DF488E3}"
EndProject
Project("{9A19103F-16F7-4668-BE54-9A1E7A4F7556}") = "InventoryHelpers", "InventoryHelpers\InventoryHelpers.csproj", "{D3903636-3478-48BC-905D-F4CB64DC345C}"
EndProject
Global
	GlobalSection(SolutionConfigurationPlatforms) = preSolution
		Debug|Any CPU = Debug|Any CPU
		Release|Any CPU = Release|Any CPU
	EndGlobalSection
	GlobalSection(ProjectConfigurationPlatforms) = postSolution
		{FF9F0F28-A336-4698-ABD5-1EF6279D7C84}.Debug|Any CPU.ActiveCfg = Debug|Any CPU
		{FF9F0F28-A336-4698-ABD5-1EF6279D7C84}.Debug|Any CPU.Build.0 = Debug|Any CPU
		{FF9F0F28-A336-4698-ABD5-1EF6279D7C84}.Release|Any CPU.ActiveCfg = Release|Any CPU
		{FF9F0F28-A336-4698-ABD5-1EF6279D7C84}.Release|Any CPU.Build.0 = Release|Any CPU
		{0D86AF9B-09C0-4C57-B99C-ADF62DF488E3}.Debug|Any CPU.ActiveCfg = Debug|Any CPU
		{0D86AF9B-09C0-4C57-B99C-ADF62DF488E3}.Debug|Any CPU.Build.0 = Debug|Any CPU
		{0D86AF9B-09C0-4C57-B99C-ADF62DF488E3}.Release|Any CPU.ActiveCfg = Release|Any CPU
		{0D86AF9B-09C0-4C57-B99C-ADF62DF488E3}.Release|Any CPU.Build.0 = Release|Any CPU
		{D3903636-3478-48BC-905D-F4CB64DC345C}.Debug|Any CPU.ActiveCfg = Debug|Any CPU
		{D3903636-3478-48BC-905D-F4CB64DC345C}.Debug|Any CPU.Build.0 = Debug|Any CPU
		{D3903636-3478-48BC-905D-F4CB64DC345C}.Release|Any CPU.ActiveCfg = Release|Any CPU
		{D3903636-3478-48BC-905D-F4CB64DC345C}.Release|Any CPU.Build.0 = Release|Any CPU
	EndGlobalSection
	GlobalSection(SolutionProperties) = preSolution
		HideSolutionNode = FALSE
	EndGlobalSection
	GlobalSection(ExtensibilityGlobals) = postSolution
		SolutionGuid = {8D740D62-49D7-4A69-B635-A289DC4BBCA9}
	EndGlobalSection
EndGlobal
